
Microsoft Visual Studio Solution File, Format Version 12.00
# Visual Studio Version 17
VisualStudioVersion = 17.5.33516.290
MinimumVisualStudioVersion = 10.0.40219.1
Project("{8BC9CEB8-8B4A-11D0-8D11-00A0C91BC942}") = "EightQueen_Resolve", "EightQueen_Resolve\EightQueen_Resolve.vcxproj", "{FEED6FA5-8065-4456-B8F5-EE7DEE7D93AF}"
EndProject
Global
	GlobalSection(SolutionConfigurationPlatforms) = preSolution
		Debug|x64 = Debug|x64
		Debug|x86 = Debug|x86
		Release|x64 = Release|x64
		Release|x86 = Release|x86
	EndGlobalSection
	GlobalSection(ProjectConfigurationPlatforms) = postSolution
		{FEED6FA5-8065-4456-B8F5-EE7DEE7D93AF}.Debug|x64.ActiveCfg = Debug|x64
		{FEED6FA5-8065-4456-B8F5-EE7DEE7D93AF}.Debug|x64.Build.0 = Debug|x64
		{FEED6FA5-8065-4456-B8F5-EE7DEE7D93AF}.Debug|x86.ActiveCfg = Debug|Win32
		{FEED6FA5-8065-4456-B8F5-EE7DEE7D93AF}.Debug|x86.Build.0 = Debug|Win32
		{FEED6FA5-8065-4456-B8F5-EE7DEE7D93AF}.Release|x64.ActiveCfg = Release|x64
		{FEED6FA5-8065-4456-B8F5-EE7DEE7D93AF}.Release|x64.Build.0 = Release|x64
		{FEED6FA5-8065-4456-B8F5-EE7DEE7D93AF}.Release|x86.ActiveCfg = Release|Win32
		{FEED6FA5-8065-4456-B8F5-EE7DEE7D93AF}.Release|x86.Build.0 = Release|Win32
	EndGlobalSection
	GlobalSection(SolutionProperties) = preSolution
		HideSolutionNode = FALSE
	EndGlobalSection
	GlobalSection(ExtensibilityGlobals) = postSolution
		SolutionGuid = {57352511-80D1-4256-96EB-7133B11E8229}
	EndGlobalSection
EndGlobal
