
Microsoft Visual Studio Solution File, Format Version 12.00
# Visual Studio Version 17
VisualStudioVersion = 17.5.33516.290
MinimumVisualStudioVersion = 10.0.40219.1
Project("{8BC9CEB8-8B4A-11D0-8D11-00A0C91BC942}") = "FuncPointerSample", "FuncPointerSample\FuncPointerSample.vcxproj", "{510A816D-3953-49DF-961C-251DED18004D}"
EndProject
Global
	GlobalSection(SolutionConfigurationPlatforms) = preSolution
		Debug|x64 = Debug|x64
		Debug|x86 = Debug|x86
		Release|x64 = Release|x64
		Release|x86 = Release|x86
	EndGlobalSection
	GlobalSection(ProjectConfigurationPlatforms) = postSolution
		{510A816D-3953-49DF-961C-251DED18004D}.Debug|x64.ActiveCfg = Debug|x64
		{510A816D-3953-49DF-961C-251DED18004D}.Debug|x64.Build.0 = Debug|x64
		{510A816D-3953-49DF-961C-251DED18004D}.Debug|x86.ActiveCfg = Debug|Win32
		{510A816D-3953-49DF-961C-251DED18004D}.Debug|x86.Build.0 = Debug|Win32
		{510A816D-3953-49DF-961C-251DED18004D}.Release|x64.ActiveCfg = Release|x64
		{510A816D-3953-49DF-961C-251DED18004D}.Release|x64.Build.0 = Release|x64
		{510A816D-3953-49DF-961C-251DED18004D}.Release|x86.ActiveCfg = Release|Win32
		{510A816D-3953-49DF-961C-251DED18004D}.Release|x86.Build.0 = Release|Win32
	EndGlobalSection
	GlobalSection(SolutionProperties) = preSolution
		HideSolutionNode = FALSE
	EndGlobalSection
	GlobalSection(ExtensibilityGlobals) = postSolution
		SolutionGuid = {DC1458BF-9FBC-4F40-8F74-256042DEF246}
	EndGlobalSection
EndGlobal
