
Microsoft Visual Studio Solution File, Format Version 12.00
# Visual Studio Version 17
VisualStudioVersion = 17.5.33516.290
MinimumVisualStudioVersion = 10.0.40219.1
Project("{8BC9CEB8-8B4A-11D0-8D11-00A0C91BC942}") = "BinaryTreeSample_MinMax", "BinaryTreeSample_MinMax\BinaryTreeSample_MinMax.vcxproj", "{00DE0F2A-3BE4-407F-B875-71BDA57156CB}"
EndProject
Global
	GlobalSection(SolutionConfigurationPlatforms) = preSolution
		Debug|x64 = Debug|x64
		Debug|x86 = Debug|x86
		Release|x64 = Release|x64
		Release|x86 = Release|x86
	EndGlobalSection
	GlobalSection(ProjectConfigurationPlatforms) = postSolution
		{00DE0F2A-3BE4-407F-B875-71BDA57156CB}.Debug|x64.ActiveCfg = Debug|x64
		{00DE0F2A-3BE4-407F-B875-71BDA57156CB}.Debug|x64.Build.0 = Debug|x64
		{00DE0F2A-3BE4-407F-B875-71BDA57156CB}.Debug|x86.ActiveCfg = Debug|Win32
		{00DE0F2A-3BE4-407F-B875-71BDA57156CB}.Debug|x86.Build.0 = Debug|Win32
		{00DE0F2A-3BE4-407F-B875-71BDA57156CB}.Release|x64.ActiveCfg = Release|x64
		{00DE0F2A-3BE4-407F-B875-71BDA57156CB}.Release|x64.Build.0 = Release|x64
		{00DE0F2A-3BE4-407F-B875-71BDA57156CB}.Release|x86.ActiveCfg = Release|Win32
		{00DE0F2A-3BE4-407F-B875-71BDA57156CB}.Release|x86.Build.0 = Release|Win32
	EndGlobalSection
	GlobalSection(SolutionProperties) = preSolution
		HideSolutionNode = FALSE
	EndGlobalSection
	GlobalSection(ExtensibilityGlobals) = postSolution
		SolutionGuid = {C7074C63-0F84-4E5D-B841-BD0F77A78DBF}
	EndGlobalSection
EndGlobal
