
Microsoft Visual Studio Solution File, Format Version 12.00
# Visual Studio Version 17
VisualStudioVersion = 17.5.33516.290
MinimumVisualStudioVersion = 10.0.40219.1
Project("{8BC9CEB8-8B4A-11D0-8D11-00A0C91BC942}") = "BinarySearch_Library_", "BinarySearch_Library_\BinarySearch_Library_.vcxproj", "{46BD40E8-4AB0-4094-ABC7-CBAEE88A24DA}"
EndProject
Global
	GlobalSection(SolutionConfigurationPlatforms) = preSolution
		Debug|x64 = Debug|x64
		Debug|x86 = Debug|x86
		Release|x64 = Release|x64
		Release|x86 = Release|x86
	EndGlobalSection
	GlobalSection(ProjectConfigurationPlatforms) = postSolution
		{46BD40E8-4AB0-4094-ABC7-CBAEE88A24DA}.Debug|x64.ActiveCfg = Debug|x64
		{46BD40E8-4AB0-4094-ABC7-CBAEE88A24DA}.Debug|x64.Build.0 = Debug|x64
		{46BD40E8-4AB0-4094-ABC7-CBAEE88A24DA}.Debug|x86.ActiveCfg = Debug|Win32
		{46BD40E8-4AB0-4094-ABC7-CBAEE88A24DA}.Debug|x86.Build.0 = Debug|Win32
		{46BD40E8-4AB0-4094-ABC7-CBAEE88A24DA}.Release|x64.ActiveCfg = Release|x64
		{46BD40E8-4AB0-4094-ABC7-CBAEE88A24DA}.Release|x64.Build.0 = Release|x64
		{46BD40E8-4AB0-4094-ABC7-CBAEE88A24DA}.Release|x86.ActiveCfg = Release|Win32
		{46BD40E8-4AB0-4094-ABC7-CBAEE88A24DA}.Release|x86.Build.0 = Release|Win32
	EndGlobalSection
	GlobalSection(SolutionProperties) = preSolution
		HideSolutionNode = FALSE
	EndGlobalSection
	GlobalSection(ExtensibilityGlobals) = postSolution
		SolutionGuid = {62271133-6929-4312-9B2E-EDF89BDF79EC}
	EndGlobalSection
EndGlobal
